// !$*UTF8*$!
{
	archiveVersion = 1;
	classes = {
	};
	objectVersion = 50;
	objects = {

/* Begin PBXBuildFile section */
		AE504D6C247D4F17006EBF13 /* AppDelegate.swift in Sources */ = {isa = PBXBuildFile; fileRef = AE504D6B247D4F17006EBF13 /* AppDelegate.swift */; };
		AE504D6E247D4F17006EBF13 /* SceneDelegate.swift in Sources */ = {isa = PBXBuildFile; fileRef = AE504D6D247D4F17006EBF13 /* SceneDelegate.swift */; };
		AE504D73247D4F17006EBF13 /* Main.storyboard in Resources */ = {isa = PBXBuildFile; fileRef = AE504D71247D4F17006EBF13 /* Main.storyboard */; };
		AE504D75247D4F18006EBF13 /* Assets.xcassets in Resources */ = {isa = PBXBuildFile; fileRef = AE504D74247D4F18006EBF13 /* Assets.xcassets */; };
		AE504D78247D4F18006EBF13 /* LaunchScreen.storyboard in Resources */ = {isa = PBXBuildFile; fileRef = AE504D76247D4F18006EBF13 /* LaunchScreen.storyboard */; };
		AE504D81247DBFDA006EBF13 /* CoreDataStack.swift in Sources */ = {isa = PBXBuildFile; fileRef = AE504D80247DBFDA006EBF13 /* CoreDataStack.swift */; };
		AE504D85247DC01A006EBF13 /* Person.xcdatamodeld in Sources */ = {isa = PBXBuildFile; fileRef = AE504D83247DC01A006EBF13 /* Person.xcdatamodeld */; };
		AE504D87247DCAA7006EBF13 /* representations.swift in Sources */ = {isa = PBXBuildFile; fileRef = AE504D86247DCAA7006EBF13 /* representations.swift */; };
		AE504D89247DCBBD006EBF13 /* convenience.swift in Sources */ = {isa = PBXBuildFile; fileRef = AE504D88247DCBBD006EBF13 /* convenience.swift */; };
		AE504D8B247DD209006EBF13 /* PersonInfoViewController.swift in Sources */ = {isa = PBXBuildFile; fileRef = AE504D8A247DD209006EBF13 /* PersonInfoViewController.swift */; };
		AE504D8E247DD3E2006EBF13 /* PersonInfoEditViewController.swift in Sources */ = {isa = PBXBuildFile; fileRef = AE504D8D247DD3E2006EBF13 /* PersonInfoEditViewController.swift */; };
		AE504D94247DD859006EBF13 /* ProjectViewController.swift in Sources */ = {isa = PBXBuildFile; fileRef = AE504D93247DD859006EBF13 /* ProjectViewController.swift */; };
		AE504D96247DDB10006EBF13 /* ProjectsTableViewController.swift in Sources */ = {isa = PBXBuildFile; fileRef = AE504D95247DDB10006EBF13 /* ProjectsTableViewController.swift */; };
/* End PBXBuildFile section */

/* Begin PBXFileReference section */
		AE504D68247D4F17006EBF13 /* LYDAppDevPortfolioTracker.app */ = {isa = PBXFileReference; explicitFileType = wrapper.application; includeInIndex = 0; path = LYDAppDevPortfolioTracker.app; sourceTree = BUILT_PRODUCTS_DIR; };
		AE504D6B247D4F17006EBF13 /* AppDelegate.swift */ = {isa = PBXFileReference; lastKnownFileType = sourcecode.swift; path = AppDelegate.swift; sourceTree = "<group>"; };
		AE504D6D247D4F17006EBF13 /* SceneDelegate.swift */ = {isa = PBXFileReference; lastKnownFileType = sourcecode.swift; path = SceneDelegate.swift; sourceTree = "<group>"; };
		AE504D72247D4F17006EBF13 /* Base */ = {isa = PBXFileReference; lastKnownFileType = file.storyboard; name = Base; path = Base.lproj/Main.storyboard; sourceTree = "<group>"; };
		AE504D74247D4F18006EBF13 /* Assets.xcassets */ = {isa = PBXFileReference; lastKnownFileType = folder.assetcatalog; path = Assets.xcassets; sourceTree = "<group>"; };
		AE504D77247D4F18006EBF13 /* Base */ = {isa = PBXFileReference; lastKnownFileType = file.storyboard; name = Base; path = Base.lproj/LaunchScreen.storyboard; sourceTree = "<group>"; };
		AE504D79247D4F18006EBF13 /* Info.plist */ = {isa = PBXFileReference; lastKnownFileType = text.plist.xml; path = Info.plist; sourceTree = "<group>"; };
		AE504D80247DBFDA006EBF13 /* CoreDataStack.swift */ = {isa = PBXFileReference; lastKnownFileType = sourcecode.swift; path = CoreDataStack.swift; sourceTree = "<group>"; };
		AE504D84247DC01A006EBF13 /* Person.xcdatamodel */ = {isa = PBXFileReference; lastKnownFileType = wrapper.xcdatamodel; path = Person.xcdatamodel; sourceTree = "<group>"; };
		AE504D86247DCAA7006EBF13 /* representations.swift */ = {isa = PBXFileReference; lastKnownFileType = sourcecode.swift; path = representations.swift; sourceTree = "<group>"; };
		AE504D88247DCBBD006EBF13 /* convenience.swift */ = {isa = PBXFileReference; lastKnownFileType = sourcecode.swift; path = convenience.swift; sourceTree = "<group>"; };
		AE504D8A247DD209006EBF13 /* PersonInfoViewController.swift */ = {isa = PBXFileReference; lastKnownFileType = sourcecode.swift; path = PersonInfoViewController.swift; sourceTree = "<group>"; };
		AE504D8D247DD3E2006EBF13 /* PersonInfoEditViewController.swift */ = {isa = PBXFileReference; lastKnownFileType = sourcecode.swift; path = PersonInfoEditViewController.swift; sourceTree = "<group>"; };
		AE504D93247DD859006EBF13 /* ProjectViewController.swift */ = {isa = PBXFileReference; lastKnownFileType = sourcecode.swift; path = ProjectViewController.swift; sourceTree = "<group>"; };
		AE504D95247DDB10006EBF13 /* ProjectsTableViewController.swift */ = {isa = PBXFileReference; lastKnownFileType = sourcecode.swift; path = ProjectsTableViewController.swift; sourceTree = "<group>"; };
/* End PBXFileReference section */

/* Begin PBXFrameworksBuildPhase section */
		AE504D65247D4F17006EBF13 /* Frameworks */ = {
			isa = PBXFrameworksBuildPhase;
			buildActionMask = 2147483647;
			files = (
			);
			runOnlyForDeploymentPostprocessing = 0;
		};
/* End PBXFrameworksBuildPhase section */

/* Begin PBXGroup section */
		AE504D5F247D4F17006EBF13 = {
			isa = PBXGroup;
			children = (
				AE504D6A247D4F17006EBF13 /* LYDAppDevPortfolioTracker */,
				AE504D69247D4F17006EBF13 /* Products */,
			);
			sourceTree = "<group>";
		};
		AE504D69247D4F17006EBF13 /* Products */ = {
			isa = PBXGroup;
			children = (
				AE504D68247D4F17006EBF13 /* LYDAppDevPortfolioTracker.app */,
			);
			name = Products;
			sourceTree = "<group>";
		};
		AE504D6A247D4F17006EBF13 /* LYDAppDevPortfolioTracker */ = {
			isa = PBXGroup;
			children = (
				AE504D7F247DBF87006EBF13 /* Other */,
				AE504D71247D4F17006EBF13 /* Main.storyboard */,
				AE504D92247DD6B8006EBF13 /* Project TV */,
				AE504D8F247DD3E7006EBF13 /* PersonInfoEdit */,
				AE504D8C247DD225006EBF13 /* PersonInfo */,
				AE504D79247D4F18006EBF13 /* Info.plist */,
				AE504D82247DBFE0006EBF13 /* Model */,
			);
			path = LYDAppDevPortfolioTracker;
			sourceTree = "<group>";
		};
		AE504D7F247DBF87006EBF13 /* Other */ = {
			isa = PBXGroup;
			children = (
				AE504D6B247D4F17006EBF13 /* AppDelegate.swift */,
				AE504D6D247D4F17006EBF13 /* SceneDelegate.swift */,
				AE504D74247D4F18006EBF13 /* Assets.xcassets */,
				AE504D76247D4F18006EBF13 /* LaunchScreen.storyboard */,
			);
			path = Other;
			sourceTree = "<group>";
		};
		AE504D82247DBFE0006EBF13 /* Model */ = {
			isa = PBXGroup;
			children = (
				AE504D80247DBFDA006EBF13 /* CoreDataStack.swift */,
				AE504D88247DCBBD006EBF13 /* convenience.swift */,
				AE504D86247DCAA7006EBF13 /* representations.swift */,
				AE504D83247DC01A006EBF13 /* Person.xcdatamodeld */,
			);
			path = Model;
			sourceTree = "<group>";
		};
		AE504D8C247DD225006EBF13 /* PersonInfo */ = {
			isa = PBXGroup;
			children = (
				AE504D8A247DD209006EBF13 /* PersonInfoViewController.swift */,
			);
			path = PersonInfo;
			sourceTree = "<group>";
		};
		AE504D8F247DD3E7006EBF13 /* PersonInfoEdit */ = {
			isa = PBXGroup;
			children = (
				AE504D8D247DD3E2006EBF13 /* PersonInfoEditViewController.swift */,
			);
			path = PersonInfoEdit;
			sourceTree = "<group>";
		};
		AE504D92247DD6B8006EBF13 /* Project TV */ = {
			isa = PBXGroup;
			children = (
				AE504D95247DDB10006EBF13 /* ProjectsTableViewController.swift */,
				AE504D93247DD859006EBF13 /* ProjectViewController.swift */,
			);
			path = "Project TV";
			sourceTree = "<group>";
		};
/* End PBXGroup section */

/* Begin PBXNativeTarget section */
		AE504D67247D4F17006EBF13 /* LYDAppDevPortfolioTracker */ = {
			isa = PBXNativeTarget;
			buildConfigurationList = AE504D7C247D4F18006EBF13 /* Build configuration list for PBXNativeTarget "LYDAppDevPortfolioTracker" */;
			buildPhases = (
				AE504D64247D4F17006EBF13 /* Sources */,
				AE504D65247D4F17006EBF13 /* Frameworks */,
				AE504D66247D4F17006EBF13 /* Resources */,
			);
			buildRules = (
			);
			dependencies = (
			);
			name = LYDAppDevPortfolioTracker;
			productName = LYDAppDevPortfolioTracker;
			productReference = AE504D68247D4F17006EBF13 /* LYDAppDevPortfolioTracker.app */;
			productType = "com.apple.product-type.application";
		};
/* End PBXNativeTarget section */

/* Begin PBXProject section */
		AE504D60247D4F17006EBF13 /* Project object */ = {
			isa = PBXProject;
			attributes = {
				LastSwiftUpdateCheck = 1130;
				LastUpgradeCheck = 1130;
				ORGANIZATIONNAME = "Lydia Zhang";
				TargetAttributes = {
					AE504D67247D4F17006EBF13 = {
						CreatedOnToolsVersion = 11.3.1;
					};
				};
			};
			buildConfigurationList = AE504D63247D4F17006EBF13 /* Build configuration list for PBXProject "LYDAppDevPortfolioTracker" */;
			compatibilityVersion = "Xcode 9.3";
			developmentRegion = en;
			hasScannedForEncodings = 0;
			knownRegions = (
				en,
				Base,
			);
			mainGroup = AE504D5F247D4F17006EBF13;
			productRefGroup = AE504D69247D4F17006EBF13 /* Products */;
			projectDirPath = "";
			projectRoot = "";
			targets = (
				AE504D67247D4F17006EBF13 /* LYDAppDevPortfolioTracker */,
			);
		};
/* End PBXProject section */

/* Begin PBXResourcesBuildPhase section */
		AE504D66247D4F17006EBF13 /* Resources */ = {
			isa = PBXResourcesBuildPhase;
			buildActionMask = 2147483647;
			files = (
				AE504D78247D4F18006EBF13 /* LaunchScreen.storyboard in Resources */,
				AE504D75247D4F18006EBF13 /* Assets.xcassets in Resources */,
				AE504D73247D4F17006EBF13 /* Main.storyboard in Resources */,
			);
			runOnlyForDeploymentPostprocessing = 0;
		};
/* End PBXResourcesBuildPhase section */

/* Begin PBXSourcesBuildPhase section */
		AE504D64247D4F17006EBF13 /* Sources */ = {
			isa = PBXSourcesBuildPhase;
			buildActionMask = 2147483647;
			files = (
				AE504D94247DD859006EBF13 /* ProjectViewController.swift in Sources */,
				AE504D87247DCAA7006EBF13 /* representations.swift in Sources */,
				AE504D8E247DD3E2006EBF13 /* PersonInfoEditViewController.swift in Sources */,
				AE504D89247DCBBD006EBF13 /* convenience.swift in Sources */,
				AE504D81247DBFDA006EBF13 /* CoreDataStack.swift in Sources */,
				AE504D6C247D4F17006EBF13 /* AppDelegate.swift in Sources */,
				AE504D85247DC01A006EBF13 /* Person.xcdatamodeld in Sources */,
				AE504D96247DDB10006EBF13 /* ProjectsTableViewController.swift in Sources */,
				AE504D8B247DD209006EBF13 /* PersonInfoViewController.swift in Sources */,
				AE504D6E247D4F17006EBF13 /* SceneDelegate.swift in Sources */,
			);
			runOnlyForDeploymentPostprocessing = 0;
		};
/* End PBXSourcesBuildPhase section */

/* Begin PBXVariantGroup section */
		AE504D71247D4F17006EBF13 /* Main.storyboard */ = {
			isa = PBXVariantGroup;
			children = (
				AE504D72247D4F17006EBF13 /* Base */,
			);
			name = Main.storyboard;
			sourceTree = "<group>";
		};
		AE504D76247D4F18006EBF13 /* LaunchScreen.storyboard */ = {
			isa = PBXVariantGroup;
			children = (
				AE504D77247D4F18006EBF13 /* Base */,
			);
			name = LaunchScreen.storyboard;
			sourceTree = "<group>";
		};
/* End PBXVariantGroup section */

/* Begin XCBuildConfiguration section */
		AE504D7A247D4F18006EBF13 /* Debug */ = {
			isa = XCBuildConfiguration;
			buildSettings = {
				ALWAYS_SEARCH_USER_PATHS = NO;
				CLANG_ANALYZER_NONNULL = YES;
				CLANG_ANALYZER_NUMBER_OBJECT_CONVERSION = YES_AGGRESSIVE;
				CLANG_CXX_LANGUAGE_STANDARD = "gnu++14";
				CLANG_CXX_LIBRARY = "libc++";
				CLANG_ENABLE_MODULES = YES;
				CLANG_ENABLE_OBJC_ARC = YES;
				CLANG_ENABLE_OBJC_WEAK = YES;
				CLANG_WARN_BLOCK_CAPTURE_AUTORELEASING = YES;
				CLANG_WARN_BOOL_CONVERSION = YES;
				CLANG_WARN_COMMA = YES;
				CLANG_WARN_CONSTANT_CONVERSION = YES;
				CLANG_WARN_DEPRECATED_OBJC_IMPLEMENTATIONS = YES;
				CLANG_WARN_DIRECT_OBJC_ISA_USAGE = YES_ERROR;
				CLANG_WARN_DOCUMENTATION_COMMENTS = YES;
				CLANG_WARN_EMPTY_BODY = YES;
				CLANG_WARN_ENUM_CONVERSION = YES;
				CLANG_WARN_INFINITE_RECURSION = YES;
				CLANG_WARN_INT_CONVERSION = YES;
				CLANG_WARN_NON_LITERAL_NULL_CONVERSION = YES;
				CLANG_WARN_OBJC_IMPLICIT_RETAIN_SELF = YES;
				CLANG_WARN_OBJC_LITERAL_CONVERSION = YES;
				CLANG_WARN_OBJC_ROOT_CLASS = YES_ERROR;
				CLANG_WARN_RANGE_LOOP_ANALYSIS = YES;
				CLANG_WARN_STRICT_PROTOTYPES = YES;
				CLANG_WARN_SUSPICIOUS_MOVE = YES;
				CLANG_WARN_UNGUARDED_AVAILABILITY = YES_AGGRESSIVE;
				CLANG_WARN_UNREACHABLE_CODE = YES;
				CLANG_WARN__DUPLICATE_METHOD_MATCH = YES;
				COPY_PHASE_STRIP = NO;
				DEBUG_INFORMATION_FORMAT = dwarf;
				ENABLE_STRICT_OBJC_MSGSEND = YES;
				ENABLE_TESTABILITY = YES;
				GCC_C_LANGUAGE_STANDARD = gnu11;
				GCC_DYNAMIC_NO_PIC = NO;
				GCC_NO_COMMON_BLOCKS = YES;
				GCC_OPTIMIZATION_LEVEL = 0;
				GCC_PREPROCESSOR_DEFINITIONS = (
					"DEBUG=1",
					"$(inherited)",
				);
				GCC_WARN_64_TO_32_BIT_CONVERSION = YES;
				GCC_WARN_ABOUT_RETURN_TYPE = YES_ERROR;
				GCC_WARN_UNDECLARED_SELECTOR = YES;
				GCC_WARN_UNINITIALIZED_AUTOS = YES_AGGRESSIVE;
				GCC_WARN_UNUSED_FUNCTION = YES;
				GCC_WARN_UNUSED_VARIABLE = YES;
				IPHONEOS_DEPLOYMENT_TARGET = 13.2;
				MTL_ENABLE_DEBUG_INFO = INCLUDE_SOURCE;
				MTL_FAST_MATH = YES;
				ONLY_ACTIVE_ARCH = YES;
				SDKROOT = iphoneos;
				SWIFT_ACTIVE_COMPILATION_CONDITIONS = DEBUG;
				SWIFT_OPTIMIZATION_LEVEL = "-Onone";
			};
			name = Debug;
		};
		AE504D7B247D4F18006EBF13 /* Release */ = {
			isa = XCBuildConfiguration;
			buildSettings = {
				ALWAYS_SEARCH_USER_PATHS = NO;
				CLANG_ANALYZER_NONNULL = YES;
				CLANG_ANALYZER_NUMBER_OBJECT_CONVERSION = YES_AGGRESSIVE;
				CLANG_CXX_LANGUAGE_STANDARD = "gnu++14";
				CLANG_CXX_LIBRARY = "libc++";
				CLANG_ENABLE_MODULES = YES;
				CLANG_ENABLE_OBJC_ARC = YES;
				CLANG_ENABLE_OBJC_WEAK = YES;
				CLANG_WARN_BLOCK_CAPTURE_AUTORELEASING = YES;
				CLANG_WARN_BOOL_CONVERSION = YES;
				CLANG_WARN_COMMA = YES;
				CLANG_WARN_CONSTANT_CONVERSION = YES;
				CLANG_WARN_DEPRECATED_OBJC_IMPLEMENTATIONS = YES;
				CLANG_WARN_DIRECT_OBJC_ISA_USAGE = YES_ERROR;
				CLANG_WARN_DOCUMENTATION_COMMENTS = YES;
				CLANG_WARN_EMPTY_BODY = YES;
				CLANG_WARN_ENUM_CONVERSION = YES;
				CLANG_WARN_INFINITE_RECURSION = YES;
				CLANG_WARN_INT_CONVERSION = YES;
				CLANG_WARN_NON_LITERAL_NULL_CONVERSION = YES;
				CLANG_WARN_OBJC_IMPLICIT_RETAIN_SELF = YES;
				CLANG_WARN_OBJC_LITERAL_CONVERSION = YES;
				CLANG_WARN_OBJC_ROOT_CLASS = YES_ERROR;
				CLANG_WARN_RANGE_LOOP_ANALYSIS = YES;
				CLANG_WARN_STRICT_PROTOTYPES = YES;
				CLANG_WARN_SUSPICIOUS_MOVE = YES;
				CLANG_WARN_UNGUARDED_AVAILABILITY = YES_AGGRESSIVE;
				CLANG_WARN_UNREACHABLE_CODE = YES;
				CLANG_WARN__DUPLICATE_METHOD_MATCH = YES;
				COPY_PHASE_STRIP = NO;
				DEBUG_INFORMATION_FORMAT = "dwarf-with-dsym";
				ENABLE_NS_ASSERTIONS = NO;
				ENABLE_STRICT_OBJC_MSGSEND = YES;
				GCC_C_LANGUAGE_STANDARD = gnu11;
				GCC_NO_COMMON_BLOCKS = YES;
				GCC_WARN_64_TO_32_BIT_CONVERSION = YES;
				GCC_WARN_ABOUT_RETURN_TYPE = YES_ERROR;
				GCC_WARN_UNDECLARED_SELECTOR = YES;
				GCC_WARN_UNINITIALIZED_AUTOS = YES_AGGRESSIVE;
				GCC_WARN_UNUSED_FUNCTION = YES;
				GCC_WARN_UNUSED_VARIABLE = YES;
				IPHONEOS_DEPLOYMENT_TARGET = 13.2;
				MTL_ENABLE_DEBUG_INFO = NO;
				MTL_FAST_MATH = YES;
				SDKROOT = iphoneos;
				SWIFT_COMPILATION_MODE = wholemodule;
				SWIFT_OPTIMIZATION_LEVEL = "-O";
				VALIDATE_PRODUCT = YES;
			};
			name = Release;
		};
		AE504D7D247D4F18006EBF13 /* Debug */ = {
			isa = XCBuildConfiguration;
			buildSettings = {
				ASSETCATALOG_COMPILER_APPICON_NAME = AppIcon;
				CODE_SIGN_STYLE = Automatic;
				INFOPLIST_FILE = LYDAppDevPortfolioTracker/Info.plist;
				LD_RUNPATH_SEARCH_PATHS = (
					"$(inherited)",
					"@executable_path/Frameworks",
				);
				PRODUCT_BUNDLE_IDENTIFIER = com.lydia.LYDAppDevPortfolioTracker;
				PRODUCT_NAME = "$(TARGET_NAME)";
				SWIFT_VERSION = 5.0;
				TARGETED_DEVICE_FAMILY = "1,2";
			};
			name = Debug;
		};
		AE504D7E247D4F18006EBF13 /* Release */ = {
			isa = XCBuildConfiguration;
			buildSettings = {
				ASSETCATALOG_COMPILER_APPICON_NAME = AppIcon;
				CODE_SIGN_STYLE = Automatic;
				INFOPLIST_FILE = LYDAppDevPortfolioTracker/Info.plist;
				LD_RUNPATH_SEARCH_PATHS = (
					"$(inherited)",
					"@executable_path/Frameworks",
				);
				PRODUCT_BUNDLE_IDENTIFIER = com.lydia.LYDAppDevPortfolioTracker;
				PRODUCT_NAME = "$(TARGET_NAME)";
				SWIFT_VERSION = 5.0;
				TARGETED_DEVICE_FAMILY = "1,2";
			};
			name = Release;
		};
/* End XCBuildConfiguration section */

/* Begin XCConfigurationList section */
		AE504D63247D4F17006EBF13 /* Build configuration list for PBXProject "LYDAppDevPortfolioTracker" */ = {
			isa = XCConfigurationList;
			buildConfigurations = (
				AE504D7A247D4F18006EBF13 /* Debug */,
				AE504D7B247D4F18006EBF13 /* Release */,
			);
			defaultConfigurationIsVisible = 0;
			defaultConfigurationName = Release;
		};
		AE504D7C247D4F18006EBF13 /* Build configuration list for PBXNativeTarget "LYDAppDevPortfolioTracker" */ = {
			isa = XCConfigurationList;
			buildConfigurations = (
				AE504D7D247D4F18006EBF13 /* Debug */,
				AE504D7E247D4F18006EBF13 /* Release */,
			);
			defaultConfigurationIsVisible = 0;
			defaultConfigurationName = Release;
		};
/* End XCConfigurationList section */

/* Begin XCVersionGroup section */
		AE504D83247DC01A006EBF13 /* Person.xcdatamodeld */ = {
			isa = XCVersionGroup;
			children = (
				AE504D84247DC01A006EBF13 /* Person.xcdatamodel */,
			);
			currentVersion = AE504D84247DC01A006EBF13 /* Person.xcdatamodel */;
			path = Person.xcdatamodeld;
			sourceTree = "<group>";
			versionGroupType = wrapper.xcdatamodel;
		};
/* End XCVersionGroup section */
	};
	rootObject = AE504D60247D4F17006EBF13 /* Project object */;
}
